
Microsoft Visual Studio Solution File, Format Version 12.00
# Visual Studio Version 16
VisualStudioVersion = 16.0.29806.167
MinimumVisualStudioVersion = 10.0.40219.1
Project("{FAE04EC0-301F-11D3-BF4B-00C04F79EFBC}") = "ExceptionHandling2", "ExceptionHandling2\ExceptionHandling2.csproj", "{A51193B8-8A58-47F3-9FDD-C36730B4A655}"
EndProject
Project("{FAE04EC0-301F-11D3-BF4B-00C04F79EFBC}") = "ExceptionHandlingTest", "ExceptionHandlingTest\ExceptionHandlingTest.csproj", "{34920338-7016-484C-BC92-DA82B762192D}"
EndProject
Global
	GlobalSection(SolutionConfigurationPlatforms) = preSolution
		Debug|Any CPU = Debug|Any CPU
		Release|Any CPU = Release|Any CPU
	EndGlobalSection
	GlobalSection(ProjectConfigurationPlatforms) = postSolution
		{A51193B8-8A58-47F3-9FDD-C36730B4A655}.Debug|Any CPU.ActiveCfg = Debug|Any CPU
		{A51193B8-8A58-47F3-9FDD-C36730B4A655}.Debug|Any CPU.Build.0 = Debug|Any CPU
		{A51193B8-8A58-47F3-9FDD-C36730B4A655}.Release|Any CPU.ActiveCfg = Release|Any CPU
		{A51193B8-8A58-47F3-9FDD-C36730B4A655}.Release|Any CPU.Build.0 = Release|Any CPU
		{34920338-7016-484C-BC92-DA82B762192D}.Debug|Any CPU.ActiveCfg = Debug|Any CPU
		{34920338-7016-484C-BC92-DA82B762192D}.Debug|Any CPU.Build.0 = Debug|Any CPU
		{34920338-7016-484C-BC92-DA82B762192D}.Release|Any CPU.ActiveCfg = Release|Any CPU
		{34920338-7016-484C-BC92-DA82B762192D}.Release|Any CPU.Build.0 = Release|Any CPU
	EndGlobalSection
	GlobalSection(SolutionProperties) = preSolution
		HideSolutionNode = FALSE
	EndGlobalSection
	GlobalSection(ExtensibilityGlobals) = postSolution
		SolutionGuid = {1A8212EC-6C3F-4EC0-BC41-D6D9F3AD2EC7}
	EndGlobalSection
EndGlobal
